// !$*UTF8*$!
{
	archiveVersion = 1;
	classes = {
	};
	objectVersion = 55;
	objects = {

/* Begin PBXBuildFile section */
		4FAF28D7292061E2005DB151 /* Tests_iOS.swift in Sources */ = {isa = PBXBuildFile; fileRef = 4FAF28D6292061E2005DB151 /* Tests_iOS.swift */; };
		4FAF28D9292061E2005DB151 /* Tests_iOSLaunchTests.swift in Sources */ = {isa = PBXBuildFile; fileRef = 4FAF28D8292061E2005DB151 /* Tests_iOSLaunchTests.swift */; };
		4FAF28E3292061E2005DB151 /* Tests_macOS.swift in Sources */ = {isa = PBXBuildFile; fileRef = 4FAF28E2292061E2005DB151 /* Tests_macOS.swift */; };
		4FAF28E5292061E2005DB151 /* Tests_macOSLaunchTests.swift in Sources */ = {isa = PBXBuildFile; fileRef = 4FAF28E4292061E2005DB151 /* Tests_macOSLaunchTests.swift */; };
		4FAF28E6292061E2005DB151 /* sandwichApp.swift in Sources */ = {isa = PBXBuildFile; fileRef = 4FAF28BE292061CA005DB151 /* sandwichApp.swift */; };
		4FAF28E7292061E2005DB151 /* sandwichApp.swift in Sources */ = {isa = PBXBuildFile; fileRef = 4FAF28BE292061CA005DB151 /* sandwichApp.swift */; };
		4FAF28E8292061E3005DB151 /* ContentView.swift in Sources */ = {isa = PBXBuildFile; fileRef = 4FAF28BF292061CA005DB151 /* ContentView.swift */; };
		4FAF28E9292061E3005DB151 /* ContentView.swift in Sources */ = {isa = PBXBuildFile; fileRef = 4FAF28BF292061CA005DB151 /* ContentView.swift */; };
		4FAF28EA292061E3005DB151 /* Assets.xcassets in Resources */ = {isa = PBXBuildFile; fileRef = 4FAF28C0292061E2005DB151 /* Assets.xcassets */; };
		4FAF28EB292061E3005DB151 /* Assets.xcassets in Resources */ = {isa = PBXBuildFile; fileRef = 4FAF28C0292061E2005DB151 /* Assets.xcassets */; };
/* End PBXBuildFile section */

/* Begin PBXContainerItemProxy section */
		4FAF28D3292061E2005DB151 /* PBXContainerItemProxy */ = {
			isa = PBXContainerItemProxy;
			containerPortal = 4FAF28B9292061C9005DB151 /* Project object */;
			proxyType = 1;
			remoteGlobalIDString = 4FAF28C4292061E2005DB151;
			remoteInfo = "sandwich (iOS)";
		};
		4FAF28DF292061E2005DB151 /* PBXContainerItemProxy */ = {
			isa = PBXContainerItemProxy;
			containerPortal = 4FAF28B9292061C9005DB151 /* Project object */;
			proxyType = 1;
			remoteGlobalIDString = 4FAF28CA292061E2005DB151;
			remoteInfo = "sandwich (macOS)";
		};
/* End PBXContainerItemProxy section */

/* Begin PBXFileReference section */
		4FAF28BE292061CA005DB151 /* sandwichApp.swift */ = {isa = PBXFileReference; lastKnownFileType = sourcecode.swift; path = sandwichApp.swift; sourceTree = "<group>"; };
		4FAF28BF292061CA005DB151 /* ContentView.swift */ = {isa = PBXFileReference; lastKnownFileType = sourcecode.swift; path = ContentView.swift; sourceTree = "<group>"; };
		4FAF28C0292061E2005DB151 /* Assets.xcassets */ = {isa = PBXFileReference; lastKnownFileType = folder.assetcatalog; path = Assets.xcassets; sourceTree = "<group>"; };
		4FAF28C5292061E2005DB151 /* sandwich.app */ = {isa = PBXFileReference; explicitFileType = wrapper.application; includeInIndex = 0; path = sandwich.app; sourceTree = BUILT_PRODUCTS_DIR; };
		4FAF28CB292061E2005DB151 /* sandwich.app */ = {isa = PBXFileReference; explicitFileType = wrapper.application; includeInIndex = 0; path = sandwich.app; sourceTree = BUILT_PRODUCTS_DIR; };
		4FAF28CD292061E2005DB151 /* macOS.entitlements */ = {isa = PBXFileReference; lastKnownFileType = text.plist.entitlements; path = macOS.entitlements; sourceTree = "<group>"; };
		4FAF28D2292061E2005DB151 /* Tests iOS.xctest */ = {isa = PBXFileReference; explicitFileType = wrapper.cfbundle; includeInIndex = 0; path = "Tests iOS.xctest"; sourceTree = BUILT_PRODUCTS_DIR; };
		4FAF28D6292061E2005DB151 /* Tests_iOS.swift */ = {isa = PBXFileReference; lastKnownFileType = sourcecode.swift; path = Tests_iOS.swift; sourceTree = "<group>"; };
		4FAF28D8292061E2005DB151 /* Tests_iOSLaunchTests.swift */ = {isa = PBXFileReference; lastKnownFileType = sourcecode.swift; path = Tests_iOSLaunchTests.swift; sourceTree = "<group>"; };
		4FAF28DE292061E2005DB151 /* Tests macOS.xctest */ = {isa = PBXFileReference; explicitFileType = wrapper.cfbundle; includeInIndex = 0; path = "Tests macOS.xctest"; sourceTree = BUILT_PRODUCTS_DIR; };
		4FAF28E2292061E2005DB151 /* Tests_macOS.swift */ = {isa = PBXFileReference; lastKnownFileType = sourcecode.swift; path = Tests_macOS.swift; sourceTree = "<group>"; };
		4FAF28E4292061E2005DB151 /* Tests_macOSLaunchTests.swift */ = {isa = PBXFileReference; lastKnownFileType = sourcecode.swift; path = Tests_macOSLaunchTests.swift; sourceTree = "<group>"; };
/* End PBXFileReference section */

/* Begin PBXFrameworksBuildPhase section */
		4FAF28C2292061E2005DB151 /* Frameworks */ = {
			isa = PBXFrameworksBuildPhase;
			buildActionMask = 2147483647;
			files = (
			);
			runOnlyForDeploymentPostprocessing = 0;
		};
		4FAF28C8292061E2005DB151 /* Frameworks */ = {
			isa = PBXFrameworksBuildPhase;
			buildActionMask = 2147483647;
			files = (
			);
			runOnlyForDeploymentPostprocessing = 0;
		};
		4FAF28CF292061E2005DB151 /* Frameworks */ = {
			isa = PBXFrameworksBuildPhase;
			buildActionMask = 2147483647;
			files = (
			);
			runOnlyForDeploymentPostprocessing = 0;
		};
		4FAF28DB292061E2005DB151 /* Frameworks */ = {
			isa = PBXFrameworksBuildPhase;
			buildActionMask = 2147483647;
			files = (
			);
			runOnlyForDeploymentPostprocessing = 0;
		};
/* End PBXFrameworksBuildPhase section */

/* Begin PBXGroup section */
		4FAF28B8292061C9005DB151 = {
			isa = PBXGroup;
			children = (
				4FAF28BD292061CA005DB151 /* Shared */,
				4FAF28CC292061E2005DB151 /* macOS */,
				4FAF28D5292061E2005DB151 /* Tests iOS */,
				4FAF28E1292061E2005DB151 /* Tests macOS */,
				4FAF28C6292061E2005DB151 /* Products */,
			);
			sourceTree = "<group>";
		};
		4FAF28BD292061CA005DB151 /* Shared */ = {
			isa = PBXGroup;
			children = (
				4FAF28BE292061CA005DB151 /* sandwichApp.swift */,
				4FAF28BF292061CA005DB151 /* ContentView.swift */,
				4FAF28C0292061E2005DB151 /* Assets.xcassets */,
			);
			path = Shared;
			sourceTree = "<group>";
		};
		4FAF28C6292061E2005DB151 /* Products */ = {
			isa = PBXGroup;
			children = (
				4FAF28C5292061E2005DB151 /* sandwich.app */,
				4FAF28CB292061E2005DB151 /* sandwich.app */,
				4FAF28D2292061E2005DB151 /* Tests iOS.xctest */,
				4FAF28DE292061E2005DB151 /* Tests macOS.xctest */,
			);
			name = Products;
			sourceTree = "<group>";
		};
		4FAF28CC292061E2005DB151 /* macOS */ = {
			isa = PBXGroup;
			children = (
				4FAF28CD292061E2005DB151 /* macOS.entitlements */,
			);
			path = macOS;
			sourceTree = "<group>";
		};
		4FAF28D5292061E2005DB151 /* Tests iOS */ = {
			isa = PBXGroup;
			children = (
				4FAF28D6292061E2005DB151 /* Tests_iOS.swift */,
				4FAF28D8292061E2005DB151 /* Tests_iOSLaunchTests.swift */,
			);
			path = "Tests iOS";
			sourceTree = "<group>";
		};
		4FAF28E1292061E2005DB151 /* Tests macOS */ = {
			isa = PBXGroup;
			children = (
				4FAF28E2292061E2005DB151 /* Tests_macOS.swift */,
				4FAF28E4292061E2005DB151 /* Tests_macOSLaunchTests.swift */,
			);
			path = "Tests macOS";
			sourceTree = "<group>";
		};
/* End PBXGroup section */

/* Begin PBXNativeTarget section */
		4FAF28C4292061E2005DB151 /* sandwich (iOS) */ = {
			isa = PBXNativeTarget;
			buildConfigurationList = 4FAF28EE292061E3005DB151 /* Build configuration list for PBXNativeTarget "sandwich (iOS)" */;
			buildPhases = (
				4FAF28C1292061E2005DB151 /* Sources */,
				4FAF28C2292061E2005DB151 /* Frameworks */,
				4FAF28C3292061E2005DB151 /* Resources */,
			);
			buildRules = (
			);
			dependencies = (
			);
			name = "sandwich (iOS)";
			productName = "sandwich (iOS)";
			productReference = 4FAF28C5292061E2005DB151 /* sandwich.app */;
			productType = "com.apple.product-type.application";
		};
		4FAF28CA292061E2005DB151 /* sandwich (macOS) */ = {
			isa = PBXNativeTarget;
			buildConfigurationList = 4FAF28F1292061E3005DB151 /* Build configuration list for PBXNativeTarget "sandwich (macOS)" */;
			buildPhases = (
				4FAF28C7292061E2005DB151 /* Sources */,
				4FAF28C8292061E2005DB151 /* Frameworks */,
				4FAF28C9292061E2005DB151 /* Resources */,
			);
			buildRules = (
			);
			dependencies = (
			);
			name = "sandwich (macOS)";
			productName = "sandwich (macOS)";
			productReference = 4FAF28CB292061E2005DB151 /* sandwich.app */;
			productType = "com.apple.product-type.application";
		};
		4FAF28D1292061E2005DB151 /* Tests iOS */ = {
			isa = PBXNativeTarget;
			buildConfigurationList = 4FAF28F4292061E3005DB151 /* Build configuration list for PBXNativeTarget "Tests iOS" */;
			buildPhases = (
				4FAF28CE292061E2005DB151 /* Sources */,
				4FAF28CF292061E2005DB151 /* Frameworks */,
				4FAF28D0292061E2005DB151 /* Resources */,
			);
			buildRules = (
			);
			dependencies = (
				4FAF28D4292061E2005DB151 /* PBXTargetDependency */,
			);
			name = "Tests iOS";
			productName = "Tests iOS";
			productReference = 4FAF28D2292061E2005DB151 /* Tests iOS.xctest */;
			productType = "com.apple.product-type.bundle.ui-testing";
		};
		4FAF28DD292061E2005DB151 /* Tests macOS */ = {
			isa = PBXNativeTarget;
			buildConfigurationList = 4FAF28F7292061E3005DB151 /* Build configuration list for PBXNativeTarget "Tests macOS" */;
			buildPhases = (
				4FAF28DA292061E2005DB151 /* Sources */,
				4FAF28DB292061E2005DB151 /* Frameworks */,
				4FAF28DC292061E2005DB151 /* Resources */,
			);
			buildRules = (
			);
			dependencies = (
				4FAF28E0292061E2005DB151 /* PBXTargetDependency */,
			);
			name = "Tests macOS";
			productName = "Tests macOS";
			productReference = 4FAF28DE292061E2005DB151 /* Tests macOS.xctest */;
			productType = "com.apple.product-type.bundle.ui-testing";
		};
/* End PBXNativeTarget section */

/* Begin PBXProject section */
		4FAF28B9292061C9005DB151 /* Project object */ = {
			isa = PBXProject;
			attributes = {
				BuildIndependentTargetsInParallel = 1;
				LastSwiftUpdateCheck = 1340;
				LastUpgradeCheck = 1340;
				TargetAttributes = {
					4FAF28C4292061E2005DB151 = {
						CreatedOnToolsVersion = 13.4.1;
					};
					4FAF28CA292061E2005DB151 = {
						CreatedOnToolsVersion = 13.4.1;
					};
					4FAF28D1292061E2005DB151 = {
						CreatedOnToolsVersion = 13.4.1;
						TestTargetID = 4FAF28C4292061E2005DB151;
					};
					4FAF28DD292061E2005DB151 = {
						CreatedOnToolsVersion = 13.4.1;
						TestTargetID = 4FAF28CA292061E2005DB151;
					};
				};
			};
			buildConfigurationList = 4FAF28BC292061C9005DB151 /* Build configuration list for PBXProject "sandwich" */;
			compatibilityVersion = "Xcode 13.0";
			developmentRegion = en;
			hasScannedForEncodings = 0;
			knownRegions = (
				en,
				Base,
			);
			mainGroup = 4FAF28B8292061C9005DB151;
			productRefGroup = 4FAF28C6292061E2005DB151 /* Products */;
			projectDirPath = "";
			projectRoot = "";
			targets = (
				4FAF28C4292061E2005DB151 /* sandwich (iOS) */,
				4FAF28CA292061E2005DB151 /* sandwich (macOS) */,
				4FAF28D1292061E2005DB151 /* Tests iOS */,
				4FAF28DD292061E2005DB151 /* Tests macOS */,
			);
		};
/* End PBXProject section */

/* Begin PBXResourcesBuildPhase section */
		4FAF28C3292061E2005DB151 /* Resources */ = {
			isa = PBXResourcesBuildPhase;
			buildActionMask = 2147483647;
			files = (
				4FAF28EA292061E3005DB151 /* Assets.xcassets in Resources */,
			);
			runOnlyForDeploymentPostprocessing = 0;
		};
		4FAF28C9292061E2005DB151 /* Resources */ = {
			isa = PBXResourcesBuildPhase;
			buildActionMask = 2147483647;
			files = (
				4FAF28EB292061E3005DB151 /* Assets.xcassets in Resources */,
			);
			runOnlyForDeploymentPostprocessing = 0;
		};
		4FAF28D0292061E2005DB151 /* Resources */ = {
			isa = PBXResourcesBuildPhase;
			buildActionMask = 2147483647;
			files = (
			);
			runOnlyForDeploymentPostprocessing = 0;
		};
		4FAF28DC292061E2005DB151 /* Resources */ = {
			isa = PBXResourcesBuildPhase;
			buildActionMask = 2147483647;
			files = (
			);
			runOnlyForDeploymentPostprocessing = 0;
		};
/* End PBXResourcesBuildPhase section */

/* Begin PBXSourcesBuildPhase section */
		4FAF28C1292061E2005DB151 /* Sources */ = {
			isa = PBXSourcesBuildPhase;
			buildActionMask = 2147483647;
			files = (
				4FAF28E8292061E3005DB151 /* ContentView.swift in Sources */,
				4FAF28E6292061E2005DB151 /* sandwichApp.swift in Sources */,
			);
			runOnlyForDeploymentPostprocessing = 0;
		};
		4FAF28C7292061E2005DB151 /* Sources */ = {
			isa = PBXSourcesBuildPhase;
			buildActionMask = 2147483647;
			files = (
				4FAF28E9292061E3005DB151 /* ContentView.swift in Sources */,
				4FAF28E7292061E2005DB151 /* sandwichApp.swift in Sources */,
			);
			runOnlyForDeploymentPostprocessing = 0;
		};
		4FAF28CE292061E2005DB151 /* Sources */ = {
			isa = PBXSourcesBuildPhase;
			buildActionMask = 2147483647;
			files = (
				4FAF28D9292061E2005DB151 /* Tests_iOSLaunchTests.swift in Sources */,
				4FAF28D7292061E2005DB151 /* Tests_iOS.swift in Sources */,
			);
			runOnlyForDeploymentPostprocessing = 0;
		};
		4FAF28DA292061E2005DB151 /* Sources */ = {
			isa = PBXSourcesBuildPhase;
			buildActionMask = 2147483647;
			files = (
				4FAF28E5292061E2005DB151 /* Tests_macOSLaunchTests.swift in Sources */,
				4FAF28E3292061E2005DB151 /* Tests_macOS.swift in Sources */,
			);
			runOnlyForDeploymentPostprocessing = 0;
		};
/* End PBXSourcesBuildPhase section */

/* Begin PBXTargetDependency section */
		4FAF28D4292061E2005DB151 /* PBXTargetDependency */ = {
			isa = PBXTargetDependency;
			target = 4FAF28C4292061E2005DB151 /* sandwich (iOS) */;
			targetProxy = 4FAF28D3292061E2005DB151 /* PBXContainerItemProxy */;
		};
		4FAF28E0292061E2005DB151 /* PBXTargetDependency */ = {
			isa = PBXTargetDependency;
			target = 4FAF28CA292061E2005DB151 /* sandwich (macOS) */;
			targetProxy = 4FAF28DF292061E2005DB151 /* PBXContainerItemProxy */;
		};
/* End PBXTargetDependency section */

/* Begin XCBuildConfiguration section */
		4FAF28EC292061E3005DB151 /* Debug */ = {
			isa = XCBuildConfiguration;
			buildSettings = {
				ALWAYS_SEARCH_USER_PATHS = NO;
				CLANG_ANALYZER_NONNULL = YES;
				CLANG_ANALYZER_NUMBER_OBJECT_CONVERSION = YES_AGGRESSIVE;
				CLANG_CXX_LANGUAGE_STANDARD = "gnu++17";
				CLANG_ENABLE_MODULES = YES;
				CLANG_ENABLE_OBJC_ARC = YES;
				CLANG_ENABLE_OBJC_WEAK = YES;
				CLANG_WARN_BLOCK_CAPTURE_AUTORELEASING = YES;
				CLANG_WARN_BOOL_CONVERSION = YES;
				CLANG_WARN_COMMA = YES;
				CLANG_WARN_CONSTANT_CONVERSION = YES;
				CLANG_WARN_DEPRECATED_OBJC_IMPLEMENTATIONS = YES;
				CLANG_WARN_DIRECT_OBJC_ISA_USAGE = YES_ERROR;
				CLANG_WARN_DOCUMENTATION_COMMENTS = YES;
				CLANG_WARN_EMPTY_BODY = YES;
				CLANG_WARN_ENUM_CONVERSION = YES;
				CLANG_WARN_INFINITE_RECURSION = YES;
				CLANG_WARN_INT_CONVERSION = YES;
				CLANG_WARN_NON_LITERAL_NULL_CONVERSION = YES;
				CLANG_WARN_OBJC_IMPLICIT_RETAIN_SELF = YES;
				CLANG_WARN_OBJC_LITERAL_CONVERSION = YES;
				CLANG_WARN_OBJC_ROOT_CLASS = YES_ERROR;
				CLANG_WARN_QUOTED_INCLUDE_IN_FRAMEWORK_HEADER = YES;
				CLANG_WARN_RANGE_LOOP_ANALYSIS = YES;
				CLANG_WARN_STRICT_PROTOTYPES = YES;
				CLANG_WARN_SUSPICIOUS_MOVE = YES;
				CLANG_WARN_UNGUARDED_AVAILABILITY = YES_AGGRESSIVE;
				CLANG_WARN_UNREACHABLE_CODE = YES;
				CLANG_WARN__DUPLICATE_METHOD_MATCH = YES;
				COPY_PHASE_STRIP = NO;
				DEBUG_INFORMATION_FORMAT = dwarf;
				ENABLE_STRICT_OBJC_MSGSEND = YES;
				ENABLE_TESTABILITY = YES;
				GCC_C_LANGUAGE_STANDARD = gnu11;
				GCC_DYNAMIC_NO_PIC = NO;
				GCC_NO_COMMON_BLOCKS = YES;
				GCC_OPTIMIZATION_LEVEL = 0;
				GCC_PREPROCESSOR_DEFINITIONS = (
					"DEBUG=1",
					"$(inherited)",
				);
				GCC_WARN_64_TO_32_BIT_CONVERSION = YES;
				GCC_WARN_ABOUT_RETURN_TYPE = YES_ERROR;
				GCC_WARN_UNDECLARED_SELECTOR = YES;
				GCC_WARN_UNINITIALIZED_AUTOS = YES_AGGRESSIVE;
				GCC_WARN_UNUSED_FUNCTION = YES;
				GCC_WARN_UNUSED_VARIABLE = YES;
				MTL_ENABLE_DEBUG_INFO = INCLUDE_SOURCE;
				MTL_FAST_MATH = YES;
				ONLY_ACTIVE_ARCH = YES;
				SWIFT_ACTIVE_COMPILATION_CONDITIONS = DEBUG;
				SWIFT_OPTIMIZATION_LEVEL = "-Onone";
			};
			name = Debug;
		};
		4FAF28ED292061E3005DB151 /* Release */ = {
			isa = XCBuildConfiguration;
			buildSettings = {
				ALWAYS_SEARCH_USER_PATHS = NO;
				CLANG_ANALYZER_NONNULL = YES;
				CLANG_ANALYZER_NUMBER_OBJECT_CONVERSION = YES_AGGRESSIVE;
				CLANG_CXX_LANGUAGE_STANDARD = "gnu++17";
				CLANG_ENABLE_MODULES = YES;
				CLANG_ENABLE_OBJC_ARC = YES;
				CLANG_ENABLE_OBJC_WEAK = YES;
				CLANG_WARN_BLOCK_CAPTURE_AUTORELEASING = YES;
				CLANG_WARN_BOOL_CONVERSION = YES;
				CLANG_WARN_COMMA = YES;
				CLANG_WARN_CONSTANT_CONVERSION = YES;
				CLANG_WARN_DEPRECATED_OBJC_IMPLEMENTATIONS = YES;
				CLANG_WARN_DIRECT_OBJC_ISA_USAGE = YES_ERROR;
				CLANG_WARN_DOCUMENTATION_COMMENTS = YES;
				CLANG_WARN_EMPTY_BODY = YES;
				CLANG_WARN_ENUM_CONVERSION = YES;
				CLANG_WARN_INFINITE_RECURSION = YES;
				CLANG_WARN_INT_CONVERSION = YES;
				CLANG_WARN_NON_LITERAL_NULL_CONVERSION = YES;
				CLANG_WARN_OBJC_IMPLICIT_RETAIN_SELF = YES;
				CLANG_WARN_OBJC_LITERAL_CONVERSION = YES;
				CLANG_WARN_OBJC_ROOT_CLASS = YES_ERROR;
				CLANG_WARN_QUOTED_INCLUDE_IN_FRAMEWORK_HEADER = YES;
				CLANG_WARN_RANGE_LOOP_ANALYSIS = YES;
				CLANG_WARN_STRICT_PROTOTYPES = YES;
				CLANG_WARN_SUSPICIOUS_MOVE = YES;
				CLANG_WARN_UNGUARDED_AVAILABILITY = YES_AGGRESSIVE;
				CLANG_WARN_UNREACHABLE_CODE = YES;
				CLANG_WARN__DUPLICATE_METHOD_MATCH = YES;
				COPY_PHASE_STRIP = NO;
				DEBUG_INFORMATION_FORMAT = "dwarf-with-dsym";
				ENABLE_NS_ASSERTIONS = NO;
				ENABLE_STRICT_OBJC_MSGSEND = YES;
				GCC_C_LANGUAGE_STANDARD = gnu11;
				GCC_NO_COMMON_BLOCKS = YES;
				GCC_WARN_64_TO_32_BIT_CONVERSION = YES;
				GCC_WARN_ABOUT_RETURN_TYPE = YES_ERROR;
				GCC_WARN_UNDECLARED_SELECTOR = YES;
				GCC_WARN_UNINITIALIZED_AUTOS = YES_AGGRESSIVE;
				GCC_WARN_UNUSED_FUNCTION = YES;
				GCC_WARN_UNUSED_VARIABLE = YES;
				MTL_ENABLE_DEBUG_INFO = NO;
				MTL_FAST_MATH = YES;
				SWIFT_COMPILATION_MODE = wholemodule;
				SWIFT_OPTIMIZATION_LEVEL = "-O";
			};
			name = Release;
		};
		4FAF28EF292061E3005DB151 /* Debug */ = {
			isa = XCBuildConfiguration;
			buildSettings = {
				ASSETCATALOG_COMPILER_APPICON_NAME = AppIcon;
				ASSETCATALOG_COMPILER_GLOBAL_ACCENT_COLOR_NAME = AccentColor;
				CODE_SIGN_STYLE = Automatic;
				CURRENT_PROJECT_VERSION = 1;
				DEVELOPMENT_TEAM = VWMY7TDGXU;
				ENABLE_PREVIEWS = YES;
				GENERATE_INFOPLIST_FILE = YES;
				INFOPLIST_KEY_UIApplicationSceneManifest_Generation = YES;
				INFOPLIST_KEY_UIApplicationSupportsIndirectInputEvents = YES;
				INFOPLIST_KEY_UILaunchScreen_Generation = YES;
				INFOPLIST_KEY_UISupportedInterfaceOrientations_iPad = "UIInterfaceOrientationPortrait UIInterfaceOrientationPortraitUpsideDown UIInterfaceOrientationLandscapeLeft UIInterfaceOrientationLandscapeRight";
				INFOPLIST_KEY_UISupportedInterfaceOrientations_iPhone = "UIInterfaceOrientationPortrait UIInterfaceOrientationLandscapeLeft UIInterfaceOrientationLandscapeRight";
				IPHONEOS_DEPLOYMENT_TARGET = 15.5;
				LD_RUNPATH_SEARCH_PATHS = (
					"$(inherited)",
					"@executable_path/Frameworks",
				);
				MARKETING_VERSION = 1.0;
				PRODUCT_BUNDLE_IDENTIFIER = "croncobulus-labs.sandwich";
				PRODUCT_NAME = sandwich;
				SDKROOT = iphoneos;
				SWIFT_EMIT_LOC_STRINGS = YES;
				SWIFT_VERSION = 5.0;
				TARGETED_DEVICE_FAMILY = "1,2";
			};
			name = Debug;
		};
		4FAF28F0292061E3005DB151 /* Release */ = {
			isa = XCBuildConfiguration;
			buildSettings = {
				ASSETCATALOG_COMPILER_APPICON_NAME = AppIcon;
				ASSETCATALOG_COMPILER_GLOBAL_ACCENT_COLOR_NAME = AccentColor;
				CODE_SIGN_STYLE = Automatic;
				CURRENT_PROJECT_VERSION = 1;
				DEVELOPMENT_TEAM = VWMY7TDGXU;
				ENABLE_PREVIEWS = YES;
				GENERATE_INFOPLIST_FILE = YES;
				INFOPLIST_KEY_UIApplicationSceneManifest_Generation = YES;
				INFOPLIST_KEY_UIApplicationSupportsIndirectInputEvents = YES;
				INFOPLIST_KEY_UILaunchScreen_Generation = YES;
				INFOPLIST_KEY_UISupportedInterfaceOrientations_iPad = "UIInterfaceOrientationPortrait UIInterfaceOrientationPortraitUpsideDown UIInterfaceOrientationLandscapeLeft UIInterfaceOrientationLandscapeRight";
				INFOPLIST_KEY_UISupportedInterfaceOrientations_iPhone = "UIInterfaceOrientationPortrait UIInterfaceOrientationLandscapeLeft UIInterfaceOrientationLandscapeRight";
				IPHONEOS_DEPLOYMENT_TARGET = 15.5;
				LD_RUNPATH_SEARCH_PATHS = (
					"$(inherited)",
					"@executable_path/Frameworks",
				);
				MARKETING_VERSION = 1.0;
				PRODUCT_BUNDLE_IDENTIFIER = "croncobulus-labs.sandwich";
				PRODUCT_NAME = sandwich;
				SDKROOT = iphoneos;
				SWIFT_EMIT_LOC_STRINGS = YES;
				SWIFT_VERSION = 5.0;
				TARGETED_DEVICE_FAMILY = "1,2";
				VALIDATE_PRODUCT = YES;
			};
			name = Release;
		};
		4FAF28F2292061E3005DB151 /* Debug */ = {
			isa = XCBuildConfiguration;
			buildSettings = {
				ASSETCATALOG_COMPILER_APPICON_NAME = AppIcon;
				ASSETCATALOG_COMPILER_GLOBAL_ACCENT_COLOR_NAME = AccentColor;
				CODE_SIGN_ENTITLEMENTS = macOS/macOS.entitlements;
				CODE_SIGN_STYLE = Automatic;
				COMBINE_HIDPI_IMAGES = YES;
				CURRENT_PROJECT_VERSION = 1;
				DEVELOPMENT_TEAM = VWMY7TDGXU;
				ENABLE_HARDENED_RUNTIME = YES;
				ENABLE_PREVIEWS = YES;
				GENERATE_INFOPLIST_FILE = YES;
				INFOPLIST_KEY_NSHumanReadableCopyright = "";
				LD_RUNPATH_SEARCH_PATHS = (
					"$(inherited)",
					"@executable_path/../Frameworks",
				);
				MACOSX_DEPLOYMENT_TARGET = 12.3;
				MARKETING_VERSION = 1.0;
				PRODUCT_BUNDLE_IDENTIFIER = "croncobulus-labs.sandwich";
				PRODUCT_NAME = sandwich;
				SDKROOT = macosx;
				SWIFT_EMIT_LOC_STRINGS = YES;
				SWIFT_VERSION = 5.0;
			};
			name = Debug;
		};
		4FAF28F3292061E3005DB151 /* Release */ = {
			isa = XCBuildConfiguration;
			buildSettings = {
				ASSETCATALOG_COMPILER_APPICON_NAME = AppIcon;
				ASSETCATALOG_COMPILER_GLOBAL_ACCENT_COLOR_NAME = AccentColor;
				CODE_SIGN_ENTITLEMENTS = macOS/macOS.entitlements;
				CODE_SIGN_STYLE = Automatic;
				COMBINE_HIDPI_IMAGES = YES;
				CURRENT_PROJECT_VERSION = 1;
				DEVELOPMENT_TEAM = VWMY7TDGXU;
				ENABLE_HARDENED_RUNTIME = YES;
				ENABLE_PREVIEWS = YES;
				GENERATE_INFOPLIST_FILE = YES;
				INFOPLIST_KEY_NSHumanReadableCopyright = "";
				LD_RUNPATH_SEARCH_PATHS = (
					"$(inherited)",
					"@executable_path/../Frameworks",
				);
				MACOSX_DEPLOYMENT_TARGET = 12.3;
				MARKETING_VERSION = 1.0;
				PRODUCT_BUNDLE_IDENTIFIER = "croncobulus-labs.sandwich";
				PRODUCT_NAME = sandwich;
				SDKROOT = macosx;
				SWIFT_EMIT_LOC_STRINGS = YES;
				SWIFT_VERSION = 5.0;
			};
			name = Release;
		};
		4FAF28F5292061E3005DB151 /* Debug */ = {
			isa = XCBuildConfiguration;
			buildSettings = {
				ALWAYS_EMBED_SWIFT_STANDARD_LIBRARIES = YES;
				CODE_SIGN_STYLE = Automatic;
				CURRENT_PROJECT_VERSION = 1;
				DEVELOPMENT_TEAM = VWMY7TDGXU;
				GENERATE_INFOPLIST_FILE = YES;
				IPHONEOS_DEPLOYMENT_TARGET = 15.5;
				MARKETING_VERSION = 1.0;
				PRODUCT_BUNDLE_IDENTIFIER = "croncobulus-labs.Tests-iOS";
				PRODUCT_NAME = "$(TARGET_NAME)";
				SDKROOT = iphoneos;
				SWIFT_EMIT_LOC_STRINGS = NO;
				SWIFT_VERSION = 5.0;
				TARGETED_DEVICE_FAMILY = "1,2";
				TEST_TARGET_NAME = "sandwich (iOS)";
			};
			name = Debug;
		};
		4FAF28F6292061E3005DB151 /* Release */ = {
			isa = XCBuildConfiguration;
			buildSettings = {
				ALWAYS_EMBED_SWIFT_STANDARD_LIBRARIES = YES;
				CODE_SIGN_STYLE = Automatic;
				CURRENT_PROJECT_VERSION = 1;
				DEVELOPMENT_TEAM = VWMY7TDGXU;
				GENERATE_INFOPLIST_FILE = YES;
				IPHONEOS_DEPLOYMENT_TARGET = 15.5;
				MARKETING_VERSION = 1.0;
				PRODUCT_BUNDLE_IDENTIFIER = "croncobulus-labs.Tests-iOS";
				PRODUCT_NAME = "$(TARGET_NAME)";
				SDKROOT = iphoneos;
				SWIFT_EMIT_LOC_STRINGS = NO;
				SWIFT_VERSION = 5.0;
				TARGETED_DEVICE_FAMILY = "1,2";
				TEST_TARGET_NAME = "sandwich (iOS)";
				VALIDATE_PRODUCT = YES;
			};
			name = Release;
		};
		4FAF28F8292061E3005DB151 /* Debug */ = {
			isa = XCBuildConfiguration;
			buildSettings = {
				ALWAYS_EMBED_SWIFT_STANDARD_LIBRARIES = YES;
				CODE_SIGN_STYLE = Automatic;
				CURRENT_PROJECT_VERSION = 1;
				DEVELOPMENT_TEAM = VWMY7TDGXU;
				GENERATE_INFOPLIST_FILE = YES;
				MACOSX_DEPLOYMENT_TARGET = 12.3;
				MARKETING_VERSION = 1.0;
				PRODUCT_BUNDLE_IDENTIFIER = "croncobulus-labs.Tests-macOS";
				PRODUCT_NAME = "$(TARGET_NAME)";
				SDKROOT = macosx;
				SWIFT_EMIT_LOC_STRINGS = NO;
				SWIFT_VERSION = 5.0;
				TEST_TARGET_NAME = "sandwich (macOS)";
			};
			name = Debug;
		};
		4FAF28F9292061E3005DB151 /* Release */ = {
			isa = XCBuildConfiguration;
			buildSettings = {
				ALWAYS_EMBED_SWIFT_STANDARD_LIBRARIES = YES;
				CODE_SIGN_STYLE = Automatic;
				CURRENT_PROJECT_VERSION = 1;
				DEVELOPMENT_TEAM = VWMY7TDGXU;
				GENERATE_INFOPLIST_FILE = YES;
				MACOSX_DEPLOYMENT_TARGET = 12.3;
				MARKETING_VERSION = 1.0;
				PRODUCT_BUNDLE_IDENTIFIER = "croncobulus-labs.Tests-macOS";
				PRODUCT_NAME = "$(TARGET_NAME)";
				SDKROOT = macosx;
				SWIFT_EMIT_LOC_STRINGS = NO;
				SWIFT_VERSION = 5.0;
				TEST_TARGET_NAME = "sandwich (macOS)";
			};
			name = Release;
		};
/* End XCBuildConfiguration section */

/* Begin XCConfigurationList section */
		4FAF28BC292061C9005DB151 /* Build configuration list for PBXProject "sandwich" */ = {
			isa = XCConfigurationList;
			buildConfigurations = (
				4FAF28EC292061E3005DB151 /* Debug */,
				4FAF28ED292061E3005DB151 /* Release */,
			);
			defaultConfigurationIsVisible = 0;
			defaultConfigurationName = Release;
		};
		4FAF28EE292061E3005DB151 /* Build configuration list for PBXNativeTarget "sandwich (iOS)" */ = {
			isa = XCConfigurationList;
			buildConfigurations = (
				4FAF28EF292061E3005DB151 /* Debug */,
				4FAF28F0292061E3005DB151 /* Release */,
			);
			defaultConfigurationIsVisible = 0;
			defaultConfigurationName = Release;
		};
		4FAF28F1292061E3005DB151 /* Build configuration list for PBXNativeTarget "sandwich (macOS)" */ = {
			isa = XCConfigurationList;
			buildConfigurations = (
				4FAF28F2292061E3005DB151 /* Debug */,
				4FAF28F3292061E3005DB151 /* Release */,
			);
			defaultConfigurationIsVisible = 0;
			defaultConfigurationName = Release;
		};
		4FAF28F4292061E3005DB151 /* Build configuration list for PBXNativeTarget "Tests iOS" */ = {
			isa = XCConfigurationList;
			buildConfigurations = (
				4FAF28F5292061E3005DB151 /* Debug */,
				4FAF28F6292061E3005DB151 /* Release */,
			);
			defaultConfigurationIsVisible = 0;
			defaultConfigurationName = Release;
		};
		4FAF28F7292061E3005DB151 /* Build configuration list for PBXNativeTarget "Tests macOS" */ = {
			isa = XCConfigurationList;
			buildConfigurations = (
				4FAF28F8292061E3005DB151 /* Debug */,
				4FAF28F9292061E3005DB151 /* Release */,
			);
			defaultConfigurationIsVisible = 0;
			defaultConfigurationName = Release;
		};
/* End XCConfigurationList section */
	};
	rootObject = 4FAF28B9292061C9005DB151 /* Project object */;
}
